
Microsoft Visual Studio Solution File, Format Version 12.00
# Visual Studio Express 2012 for Web
Project("{FAE04EC0-301F-11D3-BF4B-00C04F79EFBC}") = "Trancgu.Dba", "Trancgu.Dba\Trancgu.Dba.csproj", "{27350A55-094D-4264-8F62-2501189443C1}"
EndProject
Project("{FAE04EC0-301F-11D3-BF4B-00C04F79EFBC}") = "Trancgu.Dba.Test", "Trancgu.Dba.Test\Trancgu.Dba.Test.csproj", "{DCA2419C-8BAC-41C7-9559-179E48506507}"
EndProject
Project("{E24C65DC-7377-472B-9ABA-BC803B73C61A}") = "Website", "Website\", "{8E3B913D-D9D5-4CE9-90A8-F0220AC8A8EE}"
	ProjectSection(WebsiteProperties) = preProject
		TargetFrameworkMoniker = ".NETFramework,Version%3Dv4.0"
		ProjectReferences = "{27350a55-094d-4264-8f62-2501189443c1}|Trancgu.Dba.dll;"
		Debug.AspNetCompiler.VirtualPath = "/Website"
		Debug.AspNetCompiler.PhysicalPath = "Website\"
		Debug.AspNetCompiler.TargetPath = "PrecompiledWeb\Website\"
		Debug.AspNetCompiler.Updateable = "true"
		Debug.AspNetCompiler.ForceOverwrite = "true"
		Debug.AspNetCompiler.FixedNames = "false"
		Debug.AspNetCompiler.Debug = "True"
		Release.AspNetCompiler.VirtualPath = "/Website"
		Release.AspNetCompiler.PhysicalPath = "Website\"
		Release.AspNetCompiler.TargetPath = "PrecompiledWeb\Website\"
		Release.AspNetCompiler.Updateable = "true"
		Release.AspNetCompiler.ForceOverwrite = "true"
		Release.AspNetCompiler.FixedNames = "false"
		Release.AspNetCompiler.Debug = "False"
		VWDPort = "56521"
		VWDDynamicPort = "false"
		VWDVirtualPath = "/Website"
	EndProjectSection
EndProject
Global
	GlobalSection(SolutionConfigurationPlatforms) = preSolution
		Debug|Any CPU = Debug|Any CPU
		Release|Any CPU = Release|Any CPU
	EndGlobalSection
	GlobalSection(ProjectConfigurationPlatforms) = postSolution
		{27350A55-094D-4264-8F62-2501189443C1}.Debug|Any CPU.ActiveCfg = Debug|Any CPU
		{27350A55-094D-4264-8F62-2501189443C1}.Debug|Any CPU.Build.0 = Debug|Any CPU
		{27350A55-094D-4264-8F62-2501189443C1}.Release|Any CPU.ActiveCfg = Release|Any CPU
		{27350A55-094D-4264-8F62-2501189443C1}.Release|Any CPU.Build.0 = Release|Any CPU
		{DCA2419C-8BAC-41C7-9559-179E48506507}.Debug|Any CPU.ActiveCfg = Debug|Any CPU
		{DCA2419C-8BAC-41C7-9559-179E48506507}.Debug|Any CPU.Build.0 = Debug|Any CPU
		{DCA2419C-8BAC-41C7-9559-179E48506507}.Release|Any CPU.ActiveCfg = Release|Any CPU
		{DCA2419C-8BAC-41C7-9559-179E48506507}.Release|Any CPU.Build.0 = Release|Any CPU
		{8E3B913D-D9D5-4CE9-90A8-F0220AC8A8EE}.Debug|Any CPU.ActiveCfg = Debug|Any CPU
		{8E3B913D-D9D5-4CE9-90A8-F0220AC8A8EE}.Debug|Any CPU.Build.0 = Debug|Any CPU
		{8E3B913D-D9D5-4CE9-90A8-F0220AC8A8EE}.Release|Any CPU.ActiveCfg = Debug|Any CPU
		{8E3B913D-D9D5-4CE9-90A8-F0220AC8A8EE}.Release|Any CPU.Build.0 = Debug|Any CPU
	EndGlobalSection
	GlobalSection(SolutionProperties) = preSolution
		HideSolutionNode = FALSE
	EndGlobalSection
EndGlobal
